
Microsoft Visual Studio Solution File, Format Version 12.00
# Visual Studio 15
VisualStudioVersion = 15.0.27428.2043
MinimumVisualStudioVersion = 10.0.40219.1
Project("{888888A0-9F3D-457C-B088-3A5042F75D52}") = "PythonTestBed", "PythonTestBed\PythonTestBed.pyproj", "{2B791CE9-8262-4BBF-A108-D0E1B98FD07D}"
EndProject
Global
	GlobalSection(SolutionConfigurationPlatforms) = preSolution
		Debug|Any CPU = Debug|Any CPU
		Release|Any CPU = Release|Any CPU
	EndGlobalSection
	GlobalSection(ProjectConfigurationPlatforms) = postSolution
		{2B791CE9-8262-4BBF-A108-D0E1B98FD07D}.Debug|Any CPU.ActiveCfg = Debug|Any CPU
		{2B791CE9-8262-4BBF-A108-D0E1B98FD07D}.Release|Any CPU.ActiveCfg = Release|Any CPU
	EndGlobalSection
	GlobalSection(SolutionProperties) = preSolution
		HideSolutionNode = FALSE
	EndGlobalSection
	GlobalSection(ExtensibilityGlobals) = postSolution
		SolutionGuid = {47CB7AF4-1E0D-4F02-8D09-454C7AA5BB35}
	EndGlobalSection
EndGlobal
